lockfileVersion: '6.0'

settings:
  autoInstallPeers: true
  excludeLinksFromLockfile: false

dependencies:
  prettier:
    specifier: ^3.0.0
    version: 3.0.0
  prettier-plugin-css-order:
    specifier: ^2.0.0
    version: 2.0.0(postcss@8.4.27)(prettier@3.0.0)
  prettier-plugin-tailwindcss:
    specifier: ^0.4.1
    version: 0.4.1(prettier-plugin-css-order@2.0.0)(prettier@3.0.0)

packages:

  /css-declaration-sorter@7.0.3(postcss@8.4.27):
    resolution: {integrity: sha512-/PHObPdiAXf0H3LOZCyXgBLt5fiS5XGCml/Ylpkmr7ADgq94GffvdGxJEmsSLDo0XGzItJY79dusRka0e4UVLw==}
    engines: {node: ^14 || ^16 || >=18}
    peerDependencies:
      postcss: ^8.0.9
    dependencies:
      postcss: 8.4.27
    dev: false

  /nanoid@3.3.6:
    resolution: {integrity: sha512-BGcqMMJuToF7i1rt+2PWSNVnWIkGCU78jBG3RxO/bZlnZPK2Cmi2QaffxGO/2RvWi9sL+FAiRiXMgsyxQ1DIDA==}
    engines: {node: ^10 || ^12 || ^13.7 || ^14 || >=15.0.1}
    hasBin: true
    dev: false

  /picocolors@1.0.0:
    resolution: {integrity: sha512-1fygroTLlHu66zi26VoTDv8yRgm0Fccecssto+MhsZ0D/DGW2sm8E8AjW7NU5VVTRt5GxbeZ5qBuJr+HyLYkjQ==}
    dev: false

  /postcss-less@6.0.0(postcss@8.4.27):
    resolution: {integrity: sha512-FPX16mQLyEjLzEuuJtxA8X3ejDLNGGEG503d2YGZR5Ask1SpDN8KmZUMpzCvyalWRywAn1n1VOA5dcqfCLo5rg==}
    engines: {node: '>=12'}
    peerDependencies:
      postcss: ^8.3.5
    dependencies:
      postcss: 8.4.27
    dev: false

  /postcss-scss@4.0.6(postcss@8.4.27):
    resolution: {integrity: sha512-rLDPhJY4z/i4nVFZ27j9GqLxj1pwxE80eAzUNRMXtcpipFYIeowerzBgG3yJhMtObGEXidtIgbUpQ3eLDsf5OQ==}
    engines: {node: '>=12.0'}
    peerDependencies:
      postcss: ^8.4.19
    dependencies:
      postcss: 8.4.27
    dev: false

  /postcss@8.4.27:
    resolution: {integrity: sha512-gY/ACJtJPSmUFPDCHtX78+01fHa64FaU4zaaWfuh1MhGJISufJAH4cun6k/8fwsHYeK4UQmENQK+tRLCFJE8JQ==}
    engines: {node: ^10 || ^12 || >=14}
    dependencies:
      nanoid: 3.3.6
      picocolors: 1.0.0
      source-map-js: 1.0.2
    dev: false

  /prettier-plugin-css-order@2.0.0(postcss@8.4.27)(prettier@3.0.0):
    resolution: {integrity: sha512-BCstZZ78G6FH/Ms1hl5ZLnSMso3ModM+SEZY8QrJzgyxjuCjSrS2bveeLq9wJMn20h9tAb6+C2FZPh5qdZ2qsw==}
    engines: {node: '>=16'}
    peerDependencies:
      prettier: 3.x
    dependencies:
      css-declaration-sorter: 7.0.3(postcss@8.4.27)
      postcss-less: 6.0.0(postcss@8.4.27)
      postcss-scss: 4.0.6(postcss@8.4.27)
      prettier: 3.0.0
    transitivePeerDependencies:
      - postcss
    dev: false

  /prettier-plugin-tailwindcss@0.4.1(prettier-plugin-css-order@2.0.0)(prettier@3.0.0):
    resolution: {integrity: sha512-hwn2EiJmv8M+AW4YDkbjJ6HlZCTzLyz1QlySn9sMuKV/Px0fjwldlB7tol8GzdgqtkdPtzT3iJ4UzdnYXP25Ag==}
    engines: {node: '>=12.17.0'}
    peerDependencies:
      '@ianvs/prettier-plugin-sort-imports': '*'
      '@prettier/plugin-pug': '*'
      '@shopify/prettier-plugin-liquid': '*'
      '@shufo/prettier-plugin-blade': '*'
      '@trivago/prettier-plugin-sort-imports': '*'
      prettier: ^2.2 || ^3.0
      prettier-plugin-astro: '*'
      prettier-plugin-css-order: '*'
      prettier-plugin-import-sort: '*'
      prettier-plugin-jsdoc: '*'
      prettier-plugin-marko: '*'
      prettier-plugin-organize-attributes: '*'
      prettier-plugin-organize-imports: '*'
      prettier-plugin-style-order: '*'
      prettier-plugin-svelte: '*'
      prettier-plugin-twig-melody: '*'
    peerDependenciesMeta:
      '@ianvs/prettier-plugin-sort-imports':
        optional: true
      '@prettier/plugin-pug':
        optional: true
      '@shopify/prettier-plugin-liquid':
        optional: true
      '@shufo/prettier-plugin-blade':
        optional: true
      '@trivago/prettier-plugin-sort-imports':
        optional: true
      prettier-plugin-astro:
        optional: true
      prettier-plugin-css-order:
        optional: true
      prettier-plugin-import-sort:
        optional: true
      prettier-plugin-jsdoc:
        optional: true
      prettier-plugin-marko:
        optional: true
      prettier-plugin-organize-attributes:
        optional: true
      prettier-plugin-organize-imports:
        optional: true
      prettier-plugin-style-order:
        optional: true
      prettier-plugin-svelte:
        optional: true
      prettier-plugin-twig-melody:
        optional: true
    dependencies:
      prettier: 3.0.0
      prettier-plugin-css-order: 2.0.0(postcss@8.4.27)(prettier@3.0.0)
    dev: false

  /prettier@3.0.0:
    resolution: {integrity: sha512-zBf5eHpwHOGPC47h0zrPyNn+eAEIdEzfywMoYn2XPi0P44Zp0tSq64rq0xAREh4auw2cJZHo9QUob+NqCQky4g==}
    engines: {node: '>=14'}
    hasBin: true
    dev: false

  /source-map-js@1.0.2:
    resolution: {integrity: sha512-R0XvVJ9WusLiqTCEiGCmICCMplcCkIwwR11mOSD9CR5u+IXYdiseeEuXCVAjS54zqwkLcPNnmU4OeJ6tUrWhDw==}
    engines: {node: '>=0.10.0'}
    dev: false
